
Microsoft Visual Studio Solution File, Format Version 12.00
# Visual Studio Version 17
VisualStudioVersion = 17.5.002.0
MinimumVisualStudioVersion = 10.0.40219.1
Project("{9A19103F-16F7-4668-BE54-9A1E7A4F7556}") = "learn-csharp", "learn-csharp.csproj", "{59218760-CCA0-4E6D-A3B7-C73421820AEE}"
EndProject
Global
	GlobalSection(SolutionConfigurationPlatforms) = preSolution
		Debug|Any CPU = Debug|Any CPU
		Release|Any CPU = Release|Any CPU
	EndGlobalSection
	GlobalSection(ProjectConfigurationPlatforms) = postSolution
		{59218760-CCA0-4E6D-A3B7-C73421820AEE}.Debug|Any CPU.ActiveCfg = Debug|Any CPU
		{59218760-CCA0-4E6D-A3B7-C73421820AEE}.Debug|Any CPU.Build.0 = Debug|Any CPU
		{59218760-CCA0-4E6D-A3B7-C73421820AEE}.Release|Any CPU.ActiveCfg = Release|Any CPU
		{59218760-CCA0-4E6D-A3B7-C73421820AEE}.Release|Any CPU.Build.0 = Release|Any CPU
	EndGlobalSection
	GlobalSection(SolutionProperties) = preSolution
		HideSolutionNode = FALSE
	EndGlobalSection
	GlobalSection(ExtensibilityGlobals) = postSolution
		SolutionGuid = {A69E0B79-984B-4990-A2A2-7DA5B893DAA6}
	EndGlobalSection
EndGlobal
